
Microsoft Visual Studio Solution File, Format Version 12.00
Project("{FAE04EC0-301F-11D3-BF4B-00C04F79EFBC}") = "YCTrader.Services", "YCTrader.Services\YCTrader.Services.csproj", "{DB240433-3231-454B-A89F-E20C495CA1A1}"
EndProject
Project("{FAE04EC0-301F-11D3-BF4B-00C04F79EFBC}") = "YCTrader.Console", "YCTrader.Console\YCTrader.Console.csproj", "{30E2332F-F93E-46E2-8BE3-47646B58F471}"
EndProject
Global
	GlobalSection(SolutionConfigurationPlatforms) = preSolution
		Debug|Any CPU = Debug|Any CPU
		Release|Any CPU = Release|Any CPU
	EndGlobalSection
	GlobalSection(ProjectConfigurationPlatforms) = postSolution
		{DB240433-3231-454B-A89F-E20C495CA1A1}.Debug|Any CPU.ActiveCfg = Debug|Any CPU
		{DB240433-3231-454B-A89F-E20C495CA1A1}.Debug|Any CPU.Build.0 = Debug|Any CPU
		{DB240433-3231-454B-A89F-E20C495CA1A1}.Release|Any CPU.ActiveCfg = Release|Any CPU
		{DB240433-3231-454B-A89F-E20C495CA1A1}.Release|Any CPU.Build.0 = Release|Any CPU
		{30E2332F-F93E-46E2-8BE3-47646B58F471}.Debug|Any CPU.ActiveCfg = Debug|Any CPU
		{30E2332F-F93E-46E2-8BE3-47646B58F471}.Debug|Any CPU.Build.0 = Debug|Any CPU
		{30E2332F-F93E-46E2-8BE3-47646B58F471}.Release|Any CPU.ActiveCfg = Release|Any CPU
		{30E2332F-F93E-46E2-8BE3-47646B58F471}.Release|Any CPU.Build.0 = Release|Any CPU
	EndGlobalSection
EndGlobal
